
Microsoft Visual Studio Solution File, Format Version 12.00
# Visual Studio Version 16
VisualStudioVersion = 16.0.32106.194
MinimumVisualStudioVersion = 10.0.40219.1
Project("{FAE04EC0-301F-11D3-BF4B-00C04F79EFBC}") = "Task-3", "Task-3\Task-3.csproj", "{EBD8A2D7-309F-4BDB-9EDF-8101FBA01850}"
EndProject
Global
	GlobalSection(SolutionConfigurationPlatforms) = preSolution
		Debug|Any CPU = Debug|Any CPU
		Release|Any CPU = Release|Any CPU
	EndGlobalSection
	GlobalSection(ProjectConfigurationPlatforms) = postSolution
		{EBD8A2D7-309F-4BDB-9EDF-8101FBA01850}.Debug|Any CPU.ActiveCfg = Debug|Any CPU
		{EBD8A2D7-309F-4BDB-9EDF-8101FBA01850}.Debug|Any CPU.Build.0 = Debug|Any CPU
		{EBD8A2D7-309F-4BDB-9EDF-8101FBA01850}.Release|Any CPU.ActiveCfg = Release|Any CPU
		{EBD8A2D7-309F-4BDB-9EDF-8101FBA01850}.Release|Any CPU.Build.0 = Release|Any CPU
	EndGlobalSection
	GlobalSection(SolutionProperties) = preSolution
		HideSolutionNode = FALSE
	EndGlobalSection
	GlobalSection(ExtensibilityGlobals) = postSolution
		SolutionGuid = {2D26C5D0-8606-4491-8408-B33A2F660E54}
	EndGlobalSection
EndGlobal
