
Microsoft Visual Studio Solution File, Format Version 12.00
# Visual Studio Version 16
VisualStudioVersion = 16.0.32106.194
MinimumVisualStudioVersion = 10.0.40219.1
Project("{FAE04EC0-301F-11D3-BF4B-00C04F79EFBC}") = "classwork", "classwork\classwork.csproj", "{36334896-B39D-47AA-AF49-7ADF02A5D83F}"
EndProject
Global
	GlobalSection(SolutionConfigurationPlatforms) = preSolution
		Debug|Any CPU = Debug|Any CPU
		Release|Any CPU = Release|Any CPU
	EndGlobalSection
	GlobalSection(ProjectConfigurationPlatforms) = postSolution
		{36334896-B39D-47AA-AF49-7ADF02A5D83F}.Debug|Any CPU.ActiveCfg = Debug|Any CPU
		{36334896-B39D-47AA-AF49-7ADF02A5D83F}.Debug|Any CPU.Build.0 = Debug|Any CPU
		{36334896-B39D-47AA-AF49-7ADF02A5D83F}.Release|Any CPU.ActiveCfg = Release|Any CPU
		{36334896-B39D-47AA-AF49-7ADF02A5D83F}.Release|Any CPU.Build.0 = Release|Any CPU
	EndGlobalSection
	GlobalSection(SolutionProperties) = preSolution
		HideSolutionNode = FALSE
	EndGlobalSection
	GlobalSection(ExtensibilityGlobals) = postSolution
		SolutionGuid = {2A9D90A5-517F-4B0D-A574-3500694CDB03}
	EndGlobalSection
EndGlobal
